
Microsoft Visual Studio Solution File, Format Version 12.00
# Visual Studio 15
VisualStudioVersion = 15.0.27703.2035
MinimumVisualStudioVersion = 10.0.40219.1
Project("{9A19103F-16F7-4668-BE54-9A1E7A4F7556}") = "DataLocalityAnalyzer", "DataLocalityAdvisor\DataLocalityAdvisor\DataLocalityAnalyzer.csproj", "{8F36A03C-500A-4A5C-8688-03303C06E8A8}"
EndProject
Project("{9A19103F-16F7-4668-BE54-9A1E7A4F7556}") = "DataLocalityAdvisor.Test", "DataLocalityAdvisor\DataLocalityAdvisor.Test\DataLocalityAdvisor.Test.csproj", "{CF7AC7A4-18BF-40A1-8351-DF3937C240F5}"
EndProject
Project("{FAE04EC0-301F-11D3-BF4B-00C04F79EFBC}") = "DataLocalityAdvisor.Vsix", "DataLocalityAdvisor\DataLocalityAdvisor.Vsix\DataLocalityAdvisor.Vsix.csproj", "{3E584CA0-10CE-4515-8B0B-B93FDC460285}"
EndProject
Global
	GlobalSection(SolutionConfigurationPlatforms) = preSolution
		Debug|Any CPU = Debug|Any CPU
		Release|Any CPU = Release|Any CPU
	EndGlobalSection
	GlobalSection(ProjectConfigurationPlatforms) = postSolution
		{8F36A03C-500A-4A5C-8688-03303C06E8A8}.Debug|Any CPU.ActiveCfg = Debug|Any CPU
		{8F36A03C-500A-4A5C-8688-03303C06E8A8}.Debug|Any CPU.Build.0 = Debug|Any CPU
		{8F36A03C-500A-4A5C-8688-03303C06E8A8}.Release|Any CPU.ActiveCfg = Release|Any CPU
		{8F36A03C-500A-4A5C-8688-03303C06E8A8}.Release|Any CPU.Build.0 = Release|Any CPU
		{CF7AC7A4-18BF-40A1-8351-DF3937C240F5}.Debug|Any CPU.ActiveCfg = Debug|Any CPU
		{CF7AC7A4-18BF-40A1-8351-DF3937C240F5}.Debug|Any CPU.Build.0 = Debug|Any CPU
		{CF7AC7A4-18BF-40A1-8351-DF3937C240F5}.Release|Any CPU.ActiveCfg = Release|Any CPU
		{CF7AC7A4-18BF-40A1-8351-DF3937C240F5}.Release|Any CPU.Build.0 = Release|Any CPU
		{3E584CA0-10CE-4515-8B0B-B93FDC460285}.Debug|Any CPU.ActiveCfg = Debug|Any CPU
		{3E584CA0-10CE-4515-8B0B-B93FDC460285}.Debug|Any CPU.Build.0 = Debug|Any CPU
		{3E584CA0-10CE-4515-8B0B-B93FDC460285}.Release|Any CPU.ActiveCfg = Release|Any CPU
		{3E584CA0-10CE-4515-8B0B-B93FDC460285}.Release|Any CPU.Build.0 = Release|Any CPU
	EndGlobalSection
	GlobalSection(SolutionProperties) = preSolution
		HideSolutionNode = FALSE
	EndGlobalSection
	GlobalSection(ExtensibilityGlobals) = postSolution
		SolutionGuid = {F1D2E3B5-824D-43CC-99E2-51549E1AD552}
	EndGlobalSection
EndGlobal
